
Microsoft Visual Studio Solution File, Format Version 12.00
# Visual Studio Version 16
VisualStudioVersion = 16.0.30225.117
MinimumVisualStudioVersion = 10.0.40219.1
Project("{9A19103F-16F7-4668-BE54-9A1E7A4F7556}") = "CalculatorService.Api", "CalculatorService.Api\CalculatorService.Api.csproj", "{997CA64F-B200-4AC8-BD74-C101D7773B5D}"
EndProject
Project("{9A19103F-16F7-4668-BE54-9A1E7A4F7556}") = "CalculatorService.Domain", "CalculatorService.Domain\CalculatorService.Domain.csproj", "{D2A852E0-1C54-4828-B7B7-CA0A60CD51D3}"
EndProject
Project("{9A19103F-16F7-4668-BE54-9A1E7A4F7556}") = "CalculatorService.IoC", "CalculatorService.IoC\CalculatorService.IoC.csproj", "{F286B8B8-69E4-4BBC-9714-117C9DD022D4}"
EndProject
Project("{9A19103F-16F7-4668-BE54-9A1E7A4F7556}") = "CalculatorService.Application", "CalculatorService.Application\CalculatorService.Application.csproj", "{5FF8A59A-21D4-49D5-99E8-CA1E823F0FDC}"
EndProject
Project("{FAE04EC0-301F-11D3-BF4B-00C04F79EFBC}") = "CalculatorConsole", "CalculatorConsole\CalculatorConsole.csproj", "{836D1E38-D5AF-4187-9061-8768685AF0FF}"
EndProject
Project("{FAE04EC0-301F-11D3-BF4B-00C04F79EFBC}") = "CalculatorService.Aplication.Tests", "CalculatorServiceAPITests\CalculatorService.Aplication.Tests.csproj", "{C18623D2-888A-403B-8520-1C5292D3BE53}"
EndProject
Global
	GlobalSection(SolutionConfigurationPlatforms) = preSolution
		Debug|Any CPU = Debug|Any CPU
		Release|Any CPU = Release|Any CPU
	EndGlobalSection
	GlobalSection(ProjectConfigurationPlatforms) = postSolution
		{997CA64F-B200-4AC8-BD74-C101D7773B5D}.Debug|Any CPU.ActiveCfg = Debug|Any CPU
		{997CA64F-B200-4AC8-BD74-C101D7773B5D}.Debug|Any CPU.Build.0 = Debug|Any CPU
		{997CA64F-B200-4AC8-BD74-C101D7773B5D}.Release|Any CPU.ActiveCfg = Release|Any CPU
		{997CA64F-B200-4AC8-BD74-C101D7773B5D}.Release|Any CPU.Build.0 = Release|Any CPU
		{D2A852E0-1C54-4828-B7B7-CA0A60CD51D3}.Debug|Any CPU.ActiveCfg = Debug|Any CPU
		{D2A852E0-1C54-4828-B7B7-CA0A60CD51D3}.Debug|Any CPU.Build.0 = Debug|Any CPU
		{D2A852E0-1C54-4828-B7B7-CA0A60CD51D3}.Release|Any CPU.ActiveCfg = Release|Any CPU
		{D2A852E0-1C54-4828-B7B7-CA0A60CD51D3}.Release|Any CPU.Build.0 = Release|Any CPU
		{F286B8B8-69E4-4BBC-9714-117C9DD022D4}.Debug|Any CPU.ActiveCfg = Debug|Any CPU
		{F286B8B8-69E4-4BBC-9714-117C9DD022D4}.Debug|Any CPU.Build.0 = Debug|Any CPU
		{F286B8B8-69E4-4BBC-9714-117C9DD022D4}.Release|Any CPU.ActiveCfg = Release|Any CPU
		{F286B8B8-69E4-4BBC-9714-117C9DD022D4}.Release|Any CPU.Build.0 = Release|Any CPU
		{5FF8A59A-21D4-49D5-99E8-CA1E823F0FDC}.Debug|Any CPU.ActiveCfg = Debug|Any CPU
		{5FF8A59A-21D4-49D5-99E8-CA1E823F0FDC}.Debug|Any CPU.Build.0 = Debug|Any CPU
		{5FF8A59A-21D4-49D5-99E8-CA1E823F0FDC}.Release|Any CPU.ActiveCfg = Release|Any CPU
		{5FF8A59A-21D4-49D5-99E8-CA1E823F0FDC}.Release|Any CPU.Build.0 = Release|Any CPU
		{836D1E38-D5AF-4187-9061-8768685AF0FF}.Debug|Any CPU.ActiveCfg = Debug|Any CPU
		{836D1E38-D5AF-4187-9061-8768685AF0FF}.Debug|Any CPU.Build.0 = Debug|Any CPU
		{836D1E38-D5AF-4187-9061-8768685AF0FF}.Release|Any CPU.ActiveCfg = Release|Any CPU
		{836D1E38-D5AF-4187-9061-8768685AF0FF}.Release|Any CPU.Build.0 = Release|Any CPU
		{C18623D2-888A-403B-8520-1C5292D3BE53}.Debug|Any CPU.ActiveCfg = Debug|Any CPU
		{C18623D2-888A-403B-8520-1C5292D3BE53}.Debug|Any CPU.Build.0 = Debug|Any CPU
		{C18623D2-888A-403B-8520-1C5292D3BE53}.Release|Any CPU.ActiveCfg = Release|Any CPU
		{C18623D2-888A-403B-8520-1C5292D3BE53}.Release|Any CPU.Build.0 = Release|Any CPU
	EndGlobalSection
	GlobalSection(SolutionProperties) = preSolution
		HideSolutionNode = FALSE
	EndGlobalSection
	GlobalSection(ExtensibilityGlobals) = postSolution
		SolutionGuid = {3678108A-20C9-4014-BD08-665F444E7CB0}
	EndGlobalSection
EndGlobal
